
Microsoft Visual Studio Solution File, Format Version 9.00
# Visual Studio 2005
Project("{8BC9CEB8-8B4A-11D0-8D11-00A0C91BC942}") = "FTL", "FTL.vcproj", "{848B4F0C-D0AB-4835-B6CF-7D555409807D}"
EndProject
Global
	GlobalSection(SourceCodeControl) = preSolution
		SccNumberOfProjects = 2
		SccProjectName0 = FTL
		SccLocalPath0 = .
		SccProvider0 = MSSCCI:PushOk\u0020CVS\u0020Proxy
		CanCheckoutShared = true
		SccProjectUniqueName1 = FTL.vcproj
		SccLocalPath1 = .
		CanCheckoutShared = true
	EndGlobalSection
	GlobalSection(SolutionConfigurationPlatforms) = preSolution
		Debug|Win32 = Debug|Win32
		Release|Win32 = Release|Win32
	EndGlobalSection
	GlobalSection(ProjectConfigurationPlatforms) = postSolution
		{848B4F0C-D0AB-4835-B6CF-7D555409807D}.Debug|Win32.ActiveCfg = Debug|Win32
		{848B4F0C-D0AB-4835-B6CF-7D555409807D}.Debug|Win32.Build.0 = Debug|Win32
		{848B4F0C-D0AB-4835-B6CF-7D555409807D}.Release|Win32.ActiveCfg = Release|Win32
		{848B4F0C-D0AB-4835-B6CF-7D555409807D}.Release|Win32.Build.0 = Release|Win32
	EndGlobalSection
	GlobalSection(SolutionProperties) = preSolution
		HideSolutionNode = FALSE
	EndGlobalSection
EndGlobal
