Microsoft Visual Studio Solution File, Format Version 9.00
# Visual Studio 2005
Project("{8BC9CEB8-8B4A-11D0-8D11-00A0C91BC942}") = "Brimstone", "Brimstone.vcproj", "{376E5E45-955A-4FDA-BC06-81F7F2CB53EA}"
	ProjectSection(ProjectDependencies) = postProject
		{9D946E17-4E7E-4427-9882-E71A4D9D9DC7} = {9D946E17-4E7E-4427-9882-E71A4D9D9DC7}
		{F4A4372F-FC65-4DB1-BE98-247E8EA56F0B} = {F4A4372F-FC65-4DB1-BE98-247E8EA56F0B}
		{4D96E271-DD8E-426E-AC1B-1F2BA81E15A5} = {4D96E271-DD8E-426E-AC1B-1F2BA81E15A5}
		{3108D47C-2775-443A-8170-BFAFDCBAFBAE} = {3108D47C-2775-443A-8170-BFAFDCBAFBAE}
		{B6ACEBA0-8095-498B-AD9E-718B2BB84B11} = {B6ACEBA0-8095-498B-AD9E-718B2BB84B11}
		{83B3CACA-31C0-4ECB-A24E-B3AE65679711} = {83B3CACA-31C0-4ECB-A24E-B3AE65679711}
		{1AE56DD0-0829-4921-B831-BB798E779622} = {1AE56DD0-0829-4921-B831-BB798E779622}
		{E8091DD5-1CF6-452A-91F0-A9C486595489} = {E8091DD5-1CF6-452A-91F0-A9C486595489}
		{8851F5EA-FBCF-43D9-A23B-AB7477ECAF05} = {8851F5EA-FBCF-43D9-A23B-AB7477ECAF05}
		{43C492F8-947C-4173-A733-0A04FA5D9404} = {43C492F8-947C-4173-A733-0A04FA5D9404}
	EndProjectSection
EndProject
Project("{8BC9CEB8-8B4A-11D0-8D11-00A0C91BC942}") = "DicomImEx", "..\RT_MODEL\DicomImEx\DicomImEx.vcproj", "{3108D47C-2775-443A-8170-BFAFDCBAFBAE}"
EndProject
Project("{8BC9CEB8-8B4A-11D0-8D11-00A0C91BC942}") = "GEOM_MODEL", "..\GEOM_MODEL\GEOM_MODEL.vcproj", "{E8091DD5-1CF6-452A-91F0-A9C486595489}"
EndProject
Project("{8BC9CEB8-8B4A-11D0-8D11-00A0C91BC942}") = "MTL", "..\MTL\MTL.vcproj", "{8851F5EA-FBCF-43D9-A23B-AB7477ECAF05}"
EndProject
Project("{8BC9CEB8-8B4A-11D0-8D11-00A0C91BC942}") = "OPTIMIZER_BASE", "..\OptimizeN\OPTIMIZER_BASE.vcproj", "{1AE56DD0-0829-4921-B831-BB798E779622}"
EndProject
Project("{8BC9CEB8-8B4A-11D0-8D11-00A0C91BC942}") = "RT_MODEL", "..\RT_MODEL\RT_MODEL.vcproj", "{B6ACEBA0-8095-498B-AD9E-718B2BB84B11}"
EndProject
Project("{8BC9CEB8-8B4A-11D0-8D11-00A0C91BC942}") = "XMLLogging", "..\XMLLogging\XMLLogging.vcproj", "{F4A4372F-FC65-4DB1-BE98-247E8EA56F0B}"
EndProject
Project("{8BC9CEB8-8B4A-11D0-8D11-00A0C91BC942}") = "Graph", "..\Graph\Graph.vcproj", "{43C492F8-947C-4173-A733-0A04FA5D9404}"
EndProject
Project("{8BC9CEB8-8B4A-11D0-8D11-00A0C91BC942}") = "dcmdata", "..\..\..\dcmtk-3.5.3\dcmdata\libsrc\dcmdata.vcproj", "{83B3CACA-31C0-4ECB-A24E-B3AE65679711}"
EndProject
Project("{8BC9CEB8-8B4A-11D0-8D11-00A0C91BC942}") = "dcmimgle", "..\..\..\dcmtk-3.5.3\dcmimgle\libsrc\dcmimgle.vcproj", "{9D946E17-4E7E-4427-9882-E71A4D9D9DC7}"
EndProject
Project("{8BC9CEB8-8B4A-11D0-8D11-00A0C91BC942}") = "ofstd", "..\..\..\dcmtk-3.5.3\ofstd\libsrc\ofstd.vcproj", "{4D96E271-DD8E-426E-AC1B-1F2BA81E15A5}"
EndProject
Global
	GlobalSection(SolutionConfigurationPlatforms) = preSolution
		Debug|Win32 = Debug|Win32
		MinSizeRel|Win32 = MinSizeRel|Win32
		Release_f|Win32 = Release_f|Win32
		Release|Win32 = Release|Win32
		RelWithDebInfo|Win32 = RelWithDebInfo|Win32
	EndGlobalSection
	GlobalSection(ProjectConfigurationPlatforms) = postSolution
		{376E5E45-955A-4FDA-BC06-81F7F2CB53EA}.Debug|Win32.ActiveCfg = Debug|Win32
		{376E5E45-955A-4FDA-BC06-81F7F2CB53EA}.Debug|Win32.Build.0 = Debug|Win32
		{376E5E45-955A-4FDA-BC06-81F7F2CB53EA}.MinSizeRel|Win32.ActiveCfg = Release|Win32
		{376E5E45-955A-4FDA-BC06-81F7F2CB53EA}.MinSizeRel|Win32.Build.0 = Release|Win32
		{376E5E45-955A-4FDA-BC06-81F7F2CB53EA}.Release_f|Win32.ActiveCfg = Release|Win32
		{376E5E45-955A-4FDA-BC06-81F7F2CB53EA}.Release_f|Win32.Build.0 = Release|Win32
		{376E5E45-955A-4FDA-BC06-81F7F2CB53EA}.Release|Win32.ActiveCfg = Release|Win32
		{376E5E45-955A-4FDA-BC06-81F7F2CB53EA}.Release|Win32.Build.0 = Release|Win32
		{376E5E45-955A-4FDA-BC06-81F7F2CB53EA}.RelWithDebInfo|Win32.ActiveCfg = Release|Win32
		{376E5E45-955A-4FDA-BC06-81F7F2CB53EA}.RelWithDebInfo|Win32.Build.0 = Release|Win32
		{3108D47C-2775-443A-8170-BFAFDCBAFBAE}.Debug|Win32.ActiveCfg = Debug|Win32
		{3108D47C-2775-443A-8170-BFAFDCBAFBAE}.Debug|Win32.Build.0 = Debug|Win32
		{3108D47C-2775-443A-8170-BFAFDCBAFBAE}.MinSizeRel|Win32.ActiveCfg = Release|Win32
		{3108D47C-2775-443A-8170-BFAFDCBAFBAE}.MinSizeRel|Win32.Build.0 = Release|Win32
		{3108D47C-2775-443A-8170-BFAFDCBAFBAE}.Release_f|Win32.ActiveCfg = Release|Win32
		{3108D47C-2775-443A-8170-BFAFDCBAFBAE}.Release_f|Win32.Build.0 = Release|Win32
		{3108D47C-2775-443A-8170-BFAFDCBAFBAE}.Release|Win32.ActiveCfg = Release|Win32
		{3108D47C-2775-443A-8170-BFAFDCBAFBAE}.Release|Win32.Build.0 = Release|Win32
		{3108D47C-2775-443A-8170-BFAFDCBAFBAE}.RelWithDebInfo|Win32.ActiveCfg = Release|Win32
		{3108D47C-2775-443A-8170-BFAFDCBAFBAE}.RelWithDebInfo|Win32.Build.0 = Release|Win32
		{E8091DD5-1CF6-452A-91F0-A9C486595489}.Debug|Win32.ActiveCfg = Debug|Win32
		{E8091DD5-1CF6-452A-91F0-A9C486595489}.Debug|Win32.Build.0 = Debug|Win32
		{E8091DD5-1CF6-452A-91F0-A9C486595489}.MinSizeRel|Win32.ActiveCfg = Debug|Win32
		{E8091DD5-1CF6-452A-91F0-A9C486595489}.MinSizeRel|Win32.Build.0 = Debug|Win32
		{E8091DD5-1CF6-452A-91F0-A9C486595489}.Release_f|Win32.ActiveCfg = Release|Win32
		{E8091DD5-1CF6-452A-91F0-A9C486595489}.Release_f|Win32.Build.0 = Release|Win32
		{E8091DD5-1CF6-452A-91F0-A9C486595489}.Release|Win32.ActiveCfg = Release|Win32
		{E8091DD5-1CF6-452A-91F0-A9C486595489}.Release|Win32.Build.0 = Release|Win32
		{E8091DD5-1CF6-452A-91F0-A9C486595489}.RelWithDebInfo|Win32.ActiveCfg = Release|Win32
		{E8091DD5-1CF6-452A-91F0-A9C486595489}.RelWithDebInfo|Win32.Build.0 = Release|Win32
		{8851F5EA-FBCF-43D9-A23B-AB7477ECAF05}.Debug|Win32.ActiveCfg = Debug|Win32
		{8851F5EA-FBCF-43D9-A23B-AB7477ECAF05}.Debug|Win32.Build.0 = Debug|Win32
		{8851F5EA-FBCF-43D9-A23B-AB7477ECAF05}.MinSizeRel|Win32.ActiveCfg = Release|Win32
		{8851F5EA-FBCF-43D9-A23B-AB7477ECAF05}.MinSizeRel|Win32.Build.0 = Release|Win32
		{8851F5EA-FBCF-43D9-A23B-AB7477ECAF05}.Release_f|Win32.ActiveCfg = Release_f|Win32
		{8851F5EA-FBCF-43D9-A23B-AB7477ECAF05}.Release_f|Win32.Build.0 = Release_f|Win32
		{8851F5EA-FBCF-43D9-A23B-AB7477ECAF05}.Release|Win32.ActiveCfg = Release|Win32
		{8851F5EA-FBCF-43D9-A23B-AB7477ECAF05}.Release|Win32.Build.0 = Release|Win32
		{8851F5EA-FBCF-43D9-A23B-AB7477ECAF05}.RelWithDebInfo|Win32.ActiveCfg = Release|Win32
		{8851F5EA-FBCF-43D9-A23B-AB7477ECAF05}.RelWithDebInfo|Win32.Build.0 = Release|Win32
		{1AE56DD0-0829-4921-B831-BB798E779622}.Debug|Win32.ActiveCfg = Debug|Win32
		{1AE56DD0-0829-4921-B831-BB798E779622}.Debug|Win32.Build.0 = Debug|Win32
		{1AE56DD0-0829-4921-B831-BB798E779622}.MinSizeRel|Win32.ActiveCfg = Debug|Win32
		{1AE56DD0-0829-4921-B831-BB798E779622}.MinSizeRel|Win32.Build.0 = Debug|Win32
		{1AE56DD0-0829-4921-B831-BB798E779622}.Release_f|Win32.ActiveCfg = Release_f|Win32
		{1AE56DD0-0829-4921-B831-BB798E779622}.Release_f|Win32.Build.0 = Release_f|Win32
		{1AE56DD0-0829-4921-B831-BB798E779622}.Release|Win32.ActiveCfg = Release|Win32
		{1AE56DD0-0829-4921-B831-BB798E779622}.Release|Win32.Build.0 = Release|Win32
		{1AE56DD0-0829-4921-B831-BB798E779622}.RelWithDebInfo|Win32.ActiveCfg = Release|Win32
		{1AE56DD0-0829-4921-B831-BB798E779622}.RelWithDebInfo|Win32.Build.0 = Release|Win32
		{B6ACEBA0-8095-498B-AD9E-718B2BB84B11}.Debug|Win32.ActiveCfg = Debug|Win32
		{B6ACEBA0-8095-498B-AD9E-718B2BB84B11}.Debug|Win32.Build.0 = Debug|Win32
		{B6ACEBA0-8095-498B-AD9E-718B2BB84B11}.MinSizeRel|Win32.ActiveCfg = Release|Win32
		{B6ACEBA0-8095-498B-AD9E-718B2BB84B11}.MinSizeRel|Win32.Build.0 = Release|Win32
		{B6ACEBA0-8095-498B-AD9E-718B2BB84B11}.Release_f|Win32.ActiveCfg = Release|Win32
		{B6ACEBA0-8095-498B-AD9E-718B2BB84B11}.Release_f|Win32.Build.0 = Release|Win32
		{B6ACEBA0-8095-498B-AD9E-718B2BB84B11}.Release|Win32.ActiveCfg = Release|Win32
		{B6ACEBA0-8095-498B-AD9E-718B2BB84B11}.Release|Win32.Build.0 = Release|Win32
		{B6ACEBA0-8095-498B-AD9E-718B2BB84B11}.RelWithDebInfo|Win32.ActiveCfg = Release|Win32
		{B6ACEBA0-8095-498B-AD9E-718B2BB84B11}.RelWithDebInfo|Win32.Build.0 = Release|Win32
		{F4A4372F-FC65-4DB1-BE98-247E8EA56F0B}.Debug|Win32.ActiveCfg = Debug|Win32
		{F4A4372F-FC65-4DB1-BE98-247E8EA56F0B}.Debug|Win32.Build.0 = Debug|Win32
		{F4A4372F-FC65-4DB1-BE98-247E8EA56F0B}.MinSizeRel|Win32.ActiveCfg = Debug|Win32
		{F4A4372F-FC65-4DB1-BE98-247E8EA56F0B}.MinSizeRel|Win32.Build.0 = Debug|Win32
		{F4A4372F-FC65-4DB1-BE98-247E8EA56F0B}.Release_f|Win32.ActiveCfg = Release_f|Win32
		{F4A4372F-FC65-4DB1-BE98-247E8EA56F0B}.Release_f|Win32.Build.0 = Release_f|Win32
		{F4A4372F-FC65-4DB1-BE98-247E8EA56F0B}.Release|Win32.ActiveCfg = Release|Win32
		{F4A4372F-FC65-4DB1-BE98-247E8EA56F0B}.Release|Win32.Build.0 = Release|Win32
		{F4A4372F-FC65-4DB1-BE98-247E8EA56F0B}.RelWithDebInfo|Win32.ActiveCfg = Release|Win32
		{F4A4372F-FC65-4DB1-BE98-247E8EA56F0B}.RelWithDebInfo|Win32.Build.0 = Release|Win32
		{43C492F8-947C-4173-A733-0A04FA5D9404}.Debug|Win32.ActiveCfg = Debug|Win32
		{43C492F8-947C-4173-A733-0A04FA5D9404}.Debug|Win32.Build.0 = Debug|Win32
		{43C492F8-947C-4173-A733-0A04FA5D9404}.MinSizeRel|Win32.ActiveCfg = Release|Win32
		{43C492F8-947C-4173-A733-0A04FA5D9404}.MinSizeRel|Win32.Build.0 = Release|Win32
		{43C492F8-947C-4173-A733-0A04FA5D9404}.Release_f|Win32.ActiveCfg = Release|Win32
		{43C492F8-947C-4173-A733-0A04FA5D9404}.Release_f|Win32.Build.0 = Release|Win32
		{43C492F8-947C-4173-A733-0A04FA5D9404}.Release|Win32.ActiveCfg = Release|Win32
		{43C492F8-947C-4173-A733-0A04FA5D9404}.Release|Win32.Build.0 = Release|Win32
		{43C492F8-947C-4173-A733-0A04FA5D9404}.RelWithDebInfo|Win32.ActiveCfg = Release|Win32
		{43C492F8-947C-4173-A733-0A04FA5D9404}.RelWithDebInfo|Win32.Build.0 = Release|Win32
		{83B3CACA-31C0-4ECB-A24E-B3AE65679711}.Debug|Win32.ActiveCfg = Debug|Win32
		{83B3CACA-31C0-4ECB-A24E-B3AE65679711}.Debug|Win32.Build.0 = Debug|Win32
		{83B3CACA-31C0-4ECB-A24E-B3AE65679711}.MinSizeRel|Win32.ActiveCfg = MinSizeRel|Win32
		{83B3CACA-31C0-4ECB-A24E-B3AE65679711}.MinSizeRel|Win32.Build.0 = MinSizeRel|Win32
		{83B3CACA-31C0-4ECB-A24E-B3AE65679711}.Release_f|Win32.ActiveCfg = Release|Win32
		{83B3CACA-31C0-4ECB-A24E-B3AE65679711}.Release_f|Win32.Build.0 = Release|Win32
		{83B3CACA-31C0-4ECB-A24E-B3AE65679711}.Release|Win32.ActiveCfg = Release|Win32
		{83B3CACA-31C0-4ECB-A24E-B3AE65679711}.Release|Win32.Build.0 = Release|Win32
		{83B3CACA-31C0-4ECB-A24E-B3AE65679711}.RelWithDebInfo|Win32.ActiveCfg = RelWithDebInfo|Win32
		{83B3CACA-31C0-4ECB-A24E-B3AE65679711}.RelWithDebInfo|Win32.Build.0 = RelWithDebInfo|Win32
		{9D946E17-4E7E-4427-9882-E71A4D9D9DC7}.Debug|Win32.ActiveCfg = Debug|Win32
		{9D946E17-4E7E-4427-9882-E71A4D9D9DC7}.Debug|Win32.Build.0 = Debug|Win32
		{9D946E17-4E7E-4427-9882-E71A4D9D9DC7}.MinSizeRel|Win32.ActiveCfg = MinSizeRel|Win32
		{9D946E17-4E7E-4427-9882-E71A4D9D9DC7}.MinSizeRel|Win32.Build.0 = MinSizeRel|Win32
		{9D946E17-4E7E-4427-9882-E71A4D9D9DC7}.Release_f|Win32.ActiveCfg = Release|Win32
		{9D946E17-4E7E-4427-9882-E71A4D9D9DC7}.Release_f|Win32.Build.0 = Release|Win32
		{9D946E17-4E7E-4427-9882-E71A4D9D9DC7}.Release|Win32.ActiveCfg = Release|Win32
		{9D946E17-4E7E-4427-9882-E71A4D9D9DC7}.Release|Win32.Build.0 = Release|Win32
		{9D946E17-4E7E-4427-9882-E71A4D9D9DC7}.RelWithDebInfo|Win32.ActiveCfg = RelWithDebInfo|Win32
		{9D946E17-4E7E-4427-9882-E71A4D9D9DC7}.RelWithDebInfo|Win32.Build.0 = RelWithDebInfo|Win32
		{4D96E271-DD8E-426E-AC1B-1F2BA81E15A5}.Debug|Win32.ActiveCfg = Debug|Win32
		{4D96E271-DD8E-426E-AC1B-1F2BA81E15A5}.Debug|Win32.Build.0 = Debug|Win32
		{4D96E271-DD8E-426E-AC1B-1F2BA81E15A5}.MinSizeRel|Win32.ActiveCfg = MinSizeRel|Win32
		{4D96E271-DD8E-426E-AC1B-1F2BA81E15A5}.MinSizeRel|Win32.Build.0 = MinSizeRel|Win32
		{4D96E271-DD8E-426E-AC1B-1F2BA81E15A5}.Release_f|Win32.ActiveCfg = Release|Win32
		{4D96E271-DD8E-426E-AC1B-1F2BA81E15A5}.Release_f|Win32.Build.0 = Release|Win32
		{4D96E271-DD8E-426E-AC1B-1F2BA81E15A5}.Release|Win32.ActiveCfg = Release|Win32
		{4D96E271-DD8E-426E-AC1B-1F2BA81E15A5}.Release|Win32.Build.0 = Release|Win32
		{4D96E271-DD8E-426E-AC1B-1F2BA81E15A5}.RelWithDebInfo|Win32.ActiveCfg = RelWithDebInfo|Win32
		{4D96E271-DD8E-426E-AC1B-1F2BA81E15A5}.RelWithDebInfo|Win32.Build.0 = RelWithDebInfo|Win32
	EndGlobalSection
	GlobalSection(SolutionProperties) = preSolution
		HideSolutionNode = FALSE
	EndGlobalSection
EndGlobal
